// !$*UTF8*$!
{
	archiveVersion = 1;
	classes = {
	};
	objectVersion = 46;
	objects = {

/* Begin PBXBuildFile section */
		860BDAF3217509D500F143AD /* UIView+Extension.swift in Sources */ = {isa = PBXBuildFile; fileRef = 860BDAF2217509D500F143AD /* UIView+Extension.swift */; };
		860BDAF5217509FB00F143AD /* Constants.swift in Sources */ = {isa = PBXBuildFile; fileRef = 860BDAF4217509FB00F143AD /* Constants.swift */; };
		86694B20217413FE0099F997 /* AppDelegate.swift in Sources */ = {isa = PBXBuildFile; fileRef = 86694B1F217413FE0099F997 /* AppDelegate.swift */; };
		86694B22217413FE0099F997 /* ViewController.swift in Sources */ = {isa = PBXBuildFile; fileRef = 86694B21217413FE0099F997 /* ViewController.swift */; };
		86694B25217413FE0099F997 /* Main.storyboard in Resources */ = {isa = PBXBuildFile; fileRef = 86694B23217413FE0099F997 /* Main.storyboard */; };
		86694B27217413FE0099F997 /* Assets.xcassets in Resources */ = {isa = PBXBuildFile; fileRef = 86694B26217413FE0099F997 /* Assets.xcassets */; };
		86694B2A217413FE0099F997 /* LaunchScreen.storyboard in Resources */ = {isa = PBXBuildFile; fileRef = 86694B28217413FE0099F997 /* LaunchScreen.storyboard */; };
		86694B332174144F0099F997 /* Section.swift in Sources */ = {isa = PBXBuildFile; fileRef = 86694B322174144F0099F997 /* Section.swift */; };
		86694B35217414D90099F997 /* ExpandableHeaderView.swift in Sources */ = {isa = PBXBuildFile; fileRef = 86694B34217414D90099F997 /* ExpandableHeaderView.swift */; };
		86694B392174193F0099F997 /* SimpleVC.swift in Sources */ = {isa = PBXBuildFile; fileRef = 86694B372174193F0099F997 /* SimpleVC.swift */; };
		86694B3A2174193F0099F997 /* SimpleVC.xib in Resources */ = {isa = PBXBuildFile; fileRef = 86694B382174193F0099F997 /* SimpleVC.xib */; };
/* End PBXBuildFile section */

/* Begin PBXFileReference section */
		860BDAF2217509D500F143AD /* UIView+Extension.swift */ = {isa = PBXFileReference; fileEncoding = 4; lastKnownFileType = sourcecode.swift; path = "UIView+Extension.swift"; sourceTree = "<group>"; };
		860BDAF4217509FB00F143AD /* Constants.swift */ = {isa = PBXFileReference; fileEncoding = 4; lastKnownFileType = sourcecode.swift; path = Constants.swift; sourceTree = "<group>"; };
		86694B1C217413FE0099F997 /* MapHabit.app */ = {isa = PBXFileReference; explicitFileType = wrapper.application; includeInIndex = 0; path = MapHabit.app; sourceTree = BUILT_PRODUCTS_DIR; };
		86694B1F217413FE0099F997 /* AppDelegate.swift */ = {isa = PBXFileReference; lastKnownFileType = sourcecode.swift; path = AppDelegate.swift; sourceTree = "<group>"; };
		86694B21217413FE0099F997 /* ViewController.swift */ = {isa = PBXFileReference; lastKnownFileType = sourcecode.swift; path = ViewController.swift; sourceTree = "<group>"; };
		86694B24217413FE0099F997 /* Base */ = {isa = PBXFileReference; lastKnownFileType = file.storyboard; name = Base; path = Base.lproj/Main.storyboard; sourceTree = "<group>"; };
		86694B26217413FE0099F997 /* Assets.xcassets */ = {isa = PBXFileReference; lastKnownFileType = folder.assetcatalog; path = Assets.xcassets; sourceTree = "<group>"; };
		86694B29217413FE0099F997 /* Base */ = {isa = PBXFileReference; lastKnownFileType = file.storyboard; name = Base; path = Base.lproj/LaunchScreen.storyboard; sourceTree = "<group>"; };
		86694B2B217413FE0099F997 /* Info.plist */ = {isa = PBXFileReference; lastKnownFileType = text.plist.xml; path = Info.plist; sourceTree = "<group>"; };
		86694B322174144F0099F997 /* Section.swift */ = {isa = PBXFileReference; fileEncoding = 4; lastKnownFileType = sourcecode.swift; path = Section.swift; sourceTree = "<group>"; };
		86694B34217414D90099F997 /* ExpandableHeaderView.swift */ = {isa = PBXFileReference; fileEncoding = 4; lastKnownFileType = sourcecode.swift; path = ExpandableHeaderView.swift; sourceTree = "<group>"; };
		86694B372174193F0099F997 /* SimpleVC.swift */ = {isa = PBXFileReference; fileEncoding = 4; lastKnownFileType = sourcecode.swift; path = SimpleVC.swift; sourceTree = "<group>"; };
		86694B382174193F0099F997 /* SimpleVC.xib */ = {isa = PBXFileReference; fileEncoding = 4; lastKnownFileType = file.xib; path = SimpleVC.xib; sourceTree = "<group>"; };
/* End PBXFileReference section */

/* Begin PBXFrameworksBuildPhase section */
		86694B19217413FE0099F997 /* Frameworks */ = {
			isa = PBXFrameworksBuildPhase;
			buildActionMask = 2147483647;
			files = (
			);
			runOnlyForDeploymentPostprocessing = 0;
		};
/* End PBXFrameworksBuildPhase section */

/* Begin PBXGroup section */
		86694B13217413FE0099F997 = {
			isa = PBXGroup;
			children = (
				86694B1E217413FE0099F997 /* MapHabit */,
				86694B1D217413FE0099F997 /* Products */,
			);
			sourceTree = "<group>";
		};
		86694B1D217413FE0099F997 /* Products */ = {
			isa = PBXGroup;
			children = (
				86694B1C217413FE0099F997 /* MapHabit.app */,
			);
			name = Products;
			sourceTree = "<group>";
		};
		86694B1E217413FE0099F997 /* MapHabit */ = {
			isa = PBXGroup;
			children = (
				86694B36217419140099F997 /* SimpleVC */,
				86694B31217414290099F997 /* ExpandableHeaderView */,
				86694B1F217413FE0099F997 /* AppDelegate.swift */,
				86694B21217413FE0099F997 /* ViewController.swift */,
				86694B23217413FE0099F997 /* Main.storyboard */,
				86694B26217413FE0099F997 /* Assets.xcassets */,
				86694B28217413FE0099F997 /* LaunchScreen.storyboard */,
				86694B2B217413FE0099F997 /* Info.plist */,
				860BDAF2217509D500F143AD /* UIView+Extension.swift */,
				860BDAF4217509FB00F143AD /* Constants.swift */,
			);
			path = MapHabit;
			sourceTree = "<group>";
		};
		86694B31217414290099F997 /* ExpandableHeaderView */ = {
			isa = PBXGroup;
			children = (
				86694B322174144F0099F997 /* Section.swift */,
				86694B34217414D90099F997 /* ExpandableHeaderView.swift */,
			);
			name = ExpandableHeaderView;
			sourceTree = "<group>";
		};
		86694B36217419140099F997 /* SimpleVC */ = {
			isa = PBXGroup;
			children = (
				86694B372174193F0099F997 /* SimpleVC.swift */,
				86694B382174193F0099F997 /* SimpleVC.xib */,
			);
			name = SimpleVC;
			sourceTree = "<group>";
		};
/* End PBXGroup section */

/* Begin PBXNativeTarget section */
		86694B1B217413FE0099F997 /* MapHabit */ = {
			isa = PBXNativeTarget;
			buildConfigurationList = 86694B2E217413FE0099F997 /* Build configuration list for PBXNativeTarget "MapHabit" */;
			buildPhases = (
				86694B18217413FE0099F997 /* Sources */,
				86694B19217413FE0099F997 /* Frameworks */,
				86694B1A217413FE0099F997 /* Resources */,
			);
			buildRules = (
			);
			dependencies = (
			);
			name = MapHabit;
			productName = MapHabit;
			productReference = 86694B1C217413FE0099F997 /* MapHabit.app */;
			productType = "com.apple.product-type.application";
		};
/* End PBXNativeTarget section */

/* Begin PBXProject section */
		86694B14217413FE0099F997 /* Project object */ = {
			isa = PBXProject;
			attributes = {
				LastSwiftUpdateCheck = 0800;
				LastUpgradeCheck = 0800;
				ORGANIZATIONNAME = "Dhananjaya Somanna";
				TargetAttributes = {
					86694B1B217413FE0099F997 = {
						CreatedOnToolsVersion = 8.0;
						ProvisioningStyle = Automatic;
					};
				};
			};
			buildConfigurationList = 86694B17217413FE0099F997 /* Build configuration list for PBXProject "MapHabit" */;
			compatibilityVersion = "Xcode 3.2";
			developmentRegion = English;
			hasScannedForEncodings = 0;
			knownRegions = (
				en,
				Base,
			);
			mainGroup = 86694B13217413FE0099F997;
			productRefGroup = 86694B1D217413FE0099F997 /* Products */;
			projectDirPath = "";
			projectRoot = "";
			targets = (
				86694B1B217413FE0099F997 /* MapHabit */,
			);
		};
/* End PBXProject section */

/* Begin PBXResourcesBuildPhase section */
		86694B1A217413FE0099F997 /* Resources */ = {
			isa = PBXResourcesBuildPhase;
			buildActionMask = 2147483647;
			files = (
				86694B3A2174193F0099F997 /* SimpleVC.xib in Resources */,
				86694B2A217413FE0099F997 /* LaunchScreen.storyboard in Resources */,
				86694B27217413FE0099F997 /* Assets.xcassets in Resources */,
				86694B25217413FE0099F997 /* Main.storyboard in Resources */,
			);
			runOnlyForDeploymentPostprocessing = 0;
		};
/* End PBXResourcesBuildPhase section */

/* Begin PBXSourcesBuildPhase section */
		86694B18217413FE0099F997 /* Sources */ = {
			isa = PBXSourcesBuildPhase;
			buildActionMask = 2147483647;
			files = (
				860BDAF3217509D500F143AD /* UIView+Extension.swift in Sources */,
				86694B332174144F0099F997 /* Section.swift in Sources */,
				86694B35217414D90099F997 /* ExpandableHeaderView.swift in Sources */,
				86694B22217413FE0099F997 /* ViewController.swift in Sources */,
				860BDAF5217509FB00F143AD /* Constants.swift in Sources */,
				86694B392174193F0099F997 /* SimpleVC.swift in Sources */,
				86694B20217413FE0099F997 /* AppDelegate.swift in Sources */,
			);
			runOnlyForDeploymentPostprocessing = 0;
		};
/* End PBXSourcesBuildPhase section */

/* Begin PBXVariantGroup section */
		86694B23217413FE0099F997 /* Main.storyboard */ = {
			isa = PBXVariantGroup;
			children = (
				86694B24217413FE0099F997 /* Base */,
			);
			name = Main.storyboard;
			sourceTree = "<group>";
		};
		86694B28217413FE0099F997 /* LaunchScreen.storyboard */ = {
			isa = PBXVariantGroup;
			children = (
				86694B29217413FE0099F997 /* Base */,
			);
			name = LaunchScreen.storyboard;
			sourceTree = "<group>";
		};
/* End PBXVariantGroup section */

/* Begin XCBuildConfiguration section */
		86694B2C217413FE0099F997 /* Debug */ = {
			isa = XCBuildConfiguration;
			buildSettings = {
				ALWAYS_SEARCH_USER_PATHS = NO;
				CLANG_ANALYZER_NONNULL = YES;
				CLANG_CXX_LANGUAGE_STANDARD = "gnu++0x";
				CLANG_CXX_LIBRARY = "libc++";
				CLANG_ENABLE_MODULES = YES;
				CLANG_ENABLE_OBJC_ARC = YES;
				CLANG_WARN_BOOL_CONVERSION = YES;
				CLANG_WARN_CONSTANT_CONVERSION = YES;
				CLANG_WARN_DIRECT_OBJC_ISA_USAGE = YES_ERROR;
				CLANG_WARN_DOCUMENTATION_COMMENTS = YES;
				CLANG_WARN_EMPTY_BODY = YES;
				CLANG_WARN_ENUM_CONVERSION = YES;
				CLANG_WARN_INFINITE_RECURSION = YES;
				CLANG_WARN_INT_CONVERSION = YES;
				CLANG_WARN_OBJC_ROOT_CLASS = YES_ERROR;
				CLANG_WARN_SUSPICIOUS_MOVES = YES;
				CLANG_WARN_UNREACHABLE_CODE = YES;
				CLANG_WARN__DUPLICATE_METHOD_MATCH = YES;
				"CODE_SIGN_IDENTITY[sdk=iphoneos*]" = "iPhone Developer";
				COPY_PHASE_STRIP = NO;
				DEBUG_INFORMATION_FORMAT = dwarf;
				ENABLE_STRICT_OBJC_MSGSEND = YES;
				ENABLE_TESTABILITY = YES;
				GCC_C_LANGUAGE_STANDARD = gnu99;
				GCC_DYNAMIC_NO_PIC = NO;
				GCC_NO_COMMON_BLOCKS = YES;
				GCC_OPTIMIZATION_LEVEL = 0;
				GCC_PREPROCESSOR_DEFINITIONS = (
					"DEBUG=1",
					"$(inherited)",
				);
				GCC_WARN_64_TO_32_BIT_CONVERSION = YES;
				GCC_WARN_ABOUT_RETURN_TYPE = YES_ERROR;
				GCC_WARN_UNDECLARED_SELECTOR = YES;
				GCC_WARN_UNINITIALIZED_AUTOS = YES_AGGRESSIVE;
				GCC_WARN_UNUSED_FUNCTION = YES;
				GCC_WARN_UNUSED_VARIABLE = YES;
				IPHONEOS_DEPLOYMENT_TARGET = 10.0;
				MTL_ENABLE_DEBUG_INFO = YES;
				ONLY_ACTIVE_ARCH = YES;
				SDKROOT = iphoneos;
				SWIFT_ACTIVE_COMPILATION_CONDITIONS = DEBUG;
				SWIFT_OPTIMIZATION_LEVEL = "-Onone";
				TARGETED_DEVICE_FAMILY = "1,2";
			};
			name = Debug;
		};
		86694B2D217413FE0099F997 /* Release */ = {
			isa = XCBuildConfiguration;
			buildSettings = {
				ALWAYS_SEARCH_USER_PATHS = NO;
				CLANG_ANALYZER_NONNULL = YES;
				CLANG_CXX_LANGUAGE_STANDARD = "gnu++0x";
				CLANG_CXX_LIBRARY = "libc++";
				CLANG_ENABLE_MODULES = YES;
				CLANG_ENABLE_OBJC_ARC = YES;
				CLANG_WARN_BOOL_CONVERSION = YES;
				CLANG_WARN_CONSTANT_CONVERSION = YES;
				CLANG_WARN_DIRECT_OBJC_ISA_USAGE = YES_ERROR;
				CLANG_WARN_DOCUMENTATION_COMMENTS = YES;
				CLANG_WARN_EMPTY_BODY = YES;
				CLANG_WARN_ENUM_CONVERSION = YES;
				CLANG_WARN_INFINITE_RECURSION = YES;
				CLANG_WARN_INT_CONVERSION = YES;
				CLANG_WARN_OBJC_ROOT_CLASS = YES_ERROR;
				CLANG_WARN_SUSPICIOUS_MOVES = YES;
				CLANG_WARN_UNREACHABLE_CODE = YES;
				CLANG_WARN__DUPLICATE_METHOD_MATCH = YES;
				"CODE_SIGN_IDENTITY[sdk=iphoneos*]" = "iPhone Developer";
				COPY_PHASE_STRIP = NO;
				DEBUG_INFORMATION_FORMAT = "dwarf-with-dsym";
				ENABLE_NS_ASSERTIONS = NO;
				ENABLE_STRICT_OBJC_MSGSEND = YES;
				GCC_C_LANGUAGE_STANDARD = gnu99;
				GCC_NO_COMMON_BLOCKS = YES;
				GCC_WARN_64_TO_32_BIT_CONVERSION = YES;
				GCC_WARN_ABOUT_RETURN_TYPE = YES_ERROR;
				GCC_WARN_UNDECLARED_SELECTOR = YES;
				GCC_WARN_UNINITIALIZED_AUTOS = YES_AGGRESSIVE;
				GCC_WARN_UNUSED_FUNCTION = YES;
				GCC_WARN_UNUSED_VARIABLE = YES;
				IPHONEOS_DEPLOYMENT_TARGET = 10.0;
				MTL_ENABLE_DEBUG_INFO = NO;
				SDKROOT = iphoneos;
				SWIFT_OPTIMIZATION_LEVEL = "-Owholemodule";
				TARGETED_DEVICE_FAMILY = "1,2";
				VALIDATE_PRODUCT = YES;
			};
			name = Release;
		};
		86694B2F217413FE0099F997 /* Debug */ = {
			isa = XCBuildConfiguration;
			buildSettings = {
				ASSETCATALOG_COMPILER_APPICON_NAME = AppIcon;
				INFOPLIST_FILE = MapHabit/Info.plist;
				LD_RUNPATH_SEARCH_PATHS = "$(inherited) @executable_path/Frameworks";
				PRODUCT_BUNDLE_IDENTIFIER = com.maphabit1.MapHabit;
				PRODUCT_NAME = "$(TARGET_NAME)";
				SWIFT_VERSION = 3.0;
			};
			name = Debug;
		};
		86694B30217413FE0099F997 /* Release */ = {
			isa = XCBuildConfiguration;
			buildSettings = {
				ASSETCATALOG_COMPILER_APPICON_NAME = AppIcon;
				INFOPLIST_FILE = MapHabit/Info.plist;
				LD_RUNPATH_SEARCH_PATHS = "$(inherited) @executable_path/Frameworks";
				PRODUCT_BUNDLE_IDENTIFIER = com.maphabit1.MapHabit;
				PRODUCT_NAME = "$(TARGET_NAME)";
				SWIFT_VERSION = 3.0;
			};
			name = Release;
		};
/* End XCBuildConfiguration section */

/* Begin XCConfigurationList section */
		86694B17217413FE0099F997 /* Build configuration list for PBXProject "MapHabit" */ = {
			isa = XCConfigurationList;
			buildConfigurations = (
				86694B2C217413FE0099F997 /* Debug */,
				86694B2D217413FE0099F997 /* Release */,
			);
			defaultConfigurationIsVisible = 0;
			defaultConfigurationName = Release;
		};
		86694B2E217413FE0099F997 /* Build configuration list for PBXNativeTarget "MapHabit" */ = {
			isa = XCConfigurationList;
			buildConfigurations = (
				86694B2F217413FE0099F997 /* Debug */,
				86694B30217413FE0099F997 /* Release */,
			);
			defaultConfigurationIsVisible = 0;
			defaultConfigurationName = Release;
		};
/* End XCConfigurationList section */
	};
	rootObject = 86694B14217413FE0099F997 /* Project object */;
}
